github.com/Phofuture/photon-core-starter v1.0.1 h1:dCUGPFyBdd3qkudsrARddjAmPeQgg6AGjuJ3Byc/dqQ=
github.com/Phofuture/photon-core-starter v1.0.1/go.mod h1:/CHzHA7GGtCHs/x2b6MTk4PP4jWUpBoC+sf3ndIlBRs=
github.com/robfig/cron/v3 v3.0.1 h1:WdRxkvbJztn8LMz/QEvLN5sBU+xKpSqwwUO1Pjr4qDs=
github.com/robfig/cron/v3 v3.0.1/go.mod h1:eQICP3HwyT7UooqI/z+Ov+PtYAWygg1TEWWzGIFLtro=
